
Microsoft Visual Studio Solution File, Format Version 12.00
# Visual Studio Version 17
VisualStudioVersion = 17.5.33516.290
MinimumVisualStudioVersion = 10.0.40219.1
Project("{FAE04EC0-301F-11D3-BF4B-00C04F79EFBC}") = "ex2", "ex2.csproj", "{7AC86D39-52C8-4A21-995B-7E50D7B358CE}"
EndProject
Global
	GlobalSection(SolutionConfigurationPlatforms) = preSolution
		Debug|Any CPU = Debug|Any CPU
		Release|Any CPU = Release|Any CPU
	EndGlobalSection
	GlobalSection(ProjectConfigurationPlatforms) = postSolution
		{7AC86D39-52C8-4A21-995B-7E50D7B358CE}.Debug|Any CPU.ActiveCfg = Debug|Any CPU
		{7AC86D39-52C8-4A21-995B-7E50D7B358CE}.Debug|Any CPU.Build.0 = Debug|Any CPU
		{7AC86D39-52C8-4A21-995B-7E50D7B358CE}.Release|Any CPU.ActiveCfg = Release|Any CPU
		{7AC86D39-52C8-4A21-995B-7E50D7B358CE}.Release|Any CPU.Build.0 = Release|Any CPU
	EndGlobalSection
	GlobalSection(SolutionProperties) = preSolution
		HideSolutionNode = FALSE
	EndGlobalSection
	GlobalSection(ExtensibilityGlobals) = postSolution
		SolutionGuid = {460B602C-ECA2-45B3-914B-032366729D7A}
	EndGlobalSection
EndGlobal
