
Microsoft Visual Studio Solution File, Format Version 12.00
# Visual Studio Version 17
VisualStudioVersion = 17.5.33516.290
MinimumVisualStudioVersion = 10.0.40219.1
Project("{FAE04EC0-301F-11D3-BF4B-00C04F79EFBC}") = "ex4-10", "ex4-10.csproj", "{B046C808-E265-4C42-8DDD-1B27B86EAD78}"
EndProject
Global
	GlobalSection(SolutionConfigurationPlatforms) = preSolution
		Debug|Any CPU = Debug|Any CPU
		Release|Any CPU = Release|Any CPU
	EndGlobalSection
	GlobalSection(ProjectConfigurationPlatforms) = postSolution
		{B046C808-E265-4C42-8DDD-1B27B86EAD78}.Debug|Any CPU.ActiveCfg = Debug|Any CPU
		{B046C808-E265-4C42-8DDD-1B27B86EAD78}.Debug|Any CPU.Build.0 = Debug|Any CPU
		{B046C808-E265-4C42-8DDD-1B27B86EAD78}.Release|Any CPU.ActiveCfg = Release|Any CPU
		{B046C808-E265-4C42-8DDD-1B27B86EAD78}.Release|Any CPU.Build.0 = Release|Any CPU
	EndGlobalSection
	GlobalSection(SolutionProperties) = preSolution
		HideSolutionNode = FALSE
	EndGlobalSection
	GlobalSection(ExtensibilityGlobals) = postSolution
		SolutionGuid = {15D96232-DB98-46D9-BF55-ABEAD0525DE3}
	EndGlobalSection
EndGlobal
